{
  "name": "ky001-app",
  "lockfileVersion": 3,
  "requires": true,
  "packages": {
    "": {
      "dependencies": {
        "ds18x20": "^0.2.0"
      }
    },
    "node_modules/async": {
      "version": "0.2.10",
      "resolved": "https://registry.npmjs.org/async/-/async-0.2.10.tgz",
      "integrity": "sha512-eAkdoKxU6/LkKDBzLpT+t6Ff5EtfSF4wx1WfJiPEEV7WNLnDaRXk0oVysiEPm262roaachGexwUv94WhSgN5TQ=="
    },
    "node_modules/ds18x20": {
      "version": "0.2.0",
      "resolved": "https://registry.npmjs.org/ds18x20/-/ds18x20-0.2.0.tgz",
      "integrity": "sha512-VQrKTMUNeDLS/EgQnTGgvuHdrFFpUFIwXYX9kwiakT6BGJgSBpuaSQDWVN30dHxcC7pJWOZ0yi5NpJFEYrPZKw==",
      "dependencies": {
        "async": "~0.2.9",
        "sandal": "~1.0.1",
        "sync-exec": "~0.5"
      },
      "engines": {
        "node": "*"
      }
    },
    "node_modules/sandal": {
      "version": "1.0.1",
      "resolved": "https://registry.npmjs.org/sandal/-/sandal-1.0.1.tgz",
      "integrity": "sha512-GHXRpOa7IHN4CNSe0mD11m352xQ5HtMVd8ofB/g2a9pyAg6ypS4Xy1qK94AqRnTOr08aWT7M47ram3+uSK21WA==",
      "engines": {
        "node": "*"
      }
    },
    "node_modules/sync-exec": {
      "version": "0.5.0",
      "resolved": "https://registry.npmjs.org/sync-exec/-/sync-exec-0.5.0.tgz",
      "integrity": "sha512-iiVs4FvVmI0OC9O4HgG6gNSdLER1xymiXIAq9vTLcJpQ2Ny8n/fPr/2dvi7eZ1dRT1Mvqz02hE7p3LPpFJQvDw=="
    }
  }
}
